
Microsoft Visual Studio Solution File, Format Version 11.00
# Visual Studio 2010
Project("{FAE04EC0-301F-11D3-BF4B-00C04F79EFBC}") = "ABCApp", "01.User Interface\01.Application\01.ABCApp\ABCApp.csproj", "{7B297340-041B-4BAB-BD48-ADFCD51517ED}"
EndProject
Project("{2150E333-8FDC-42A3-9474-1A3956D46DE8}") = "01.User Interface", "01.User Interface", "{C17ED185-5E23-4484-B400-C95DD3CE67D2}"
EndProject
Project("{2150E333-8FDC-42A3-9474-1A3956D46DE8}") = "02.Business Entities", "02.Business Entities", "{13235215-2D42-4533-BE39-0D7D47D3F8A6}"
EndProject
Project("{2150E333-8FDC-42A3-9474-1A3956D46DE8}") = "03.Data Access Layer", "03.Data Access Layer", "{41B490ED-39F2-44D2-BDED-4F5CB04163BF}"
EndProject
Project("{2150E333-8FDC-42A3-9474-1A3956D46DE8}") = "04.Others", "04.Others", "{227DB38A-D1F8-47DC-97F3-C91B059265A3}"
EndProject
Project("{2150E333-8FDC-42A3-9474-1A3956D46DE8}") = "05.Tools", "05.Tools", "{E8E21EC7-A0B9-4FCD-B847-B75F372C2AC4}"
EndProject
Project("{2150E333-8FDC-42A3-9474-1A3956D46DE8}") = "01.Application", "01.Application", "{E0BCEC28-1D05-44C7-9A41-7FC69940A687}"
EndProject
Project("{2150E333-8FDC-42A3-9474-1A3956D46DE8}") = "02.Modules", "02.Modules", "{57F7E246-9329-4B33-BAEA-45361941F805}"
EndProject
Project("{2150E333-8FDC-42A3-9474-1A3956D46DE8}") = "03.UIComponents", "03.UIComponents", "{7EA44C08-E01E-49A0-B28D-A21A0C0FED8D}"
EndProject
Project("{FAE04EC0-301F-11D3-BF4B-00C04F79EFBC}") = "ABCBaseApp", "01.User Interface\01.Application\02.ABCBaseApp\ABCBaseApp.csproj", "{90C886D7-9FEF-42B1-8F87-E91F302D4EAA}"
EndProject
Project("{FAE04EC0-301F-11D3-BF4B-00C04F79EFBC}") = "ABCModules", "01.User Interface\02.Modules\01.Modules\ABCModules.csproj", "{2237C0C7-9606-434D-9E9B-E625D79952F3}"
EndProject
Project("{FAE04EC0-301F-11D3-BF4B-00C04F79EFBC}") = "ABCSystemModules", "01.User Interface\02.Modules\02.SystemModules\ABCSystemModules.csproj", "{1DCE5C13-B28F-4D01-8ED5-36E25B7035E1}"
EndProject
Project("{FAE04EC0-301F-11D3-BF4B-00C04F79EFBC}") = "ABCBaseScreen", "01.User Interface\03.UIComponents\01.ABCBaseScreen\ABCBaseScreen.csproj", "{3C5C7044-08E5-415D-86A5-675079202B3B}"
EndProject
Project("{FAE04EC0-301F-11D3-BF4B-00C04F79EFBC}") = "ABCControls", "01.User Interface\03.UIComponents\02.ABCControls\ABCControls.csproj", "{58D58648-6D89-4904-9019-F7FDD300D3DE}"
EndProject
Project("{FAE04EC0-301F-11D3-BF4B-00C04F79EFBC}") = "ABCModuleProviders", "02.Business Entities\01.ABCModuleProviders\ABCModuleProviders.csproj", "{8D2BE579-24F1-4373-AF62-A57E343C7FBF}"
EndProject
Project("{FAE04EC0-301F-11D3-BF4B-00C04F79EFBC}") = "ABCSystemProviders", "02.Business Entities\02.ABCSystemProviders\ABCSystemProviders.csproj", "{2EB9BBFE-E7DD-4508-A9B6-0D925A33EDE5}"
EndProject
Project("{FAE04EC0-301F-11D3-BF4B-00C04F79EFBC}") = "ABCDataLib", "03.Data Access Layer\01.ABCDataLib\ABCDataLib.csproj", "{451842EF-D089-4946-9A9E-D5B3A25C6DAA}"
EndProject
Project("{FAE04EC0-301F-11D3-BF4B-00C04F79EFBC}") = "ABCDataService", "03.Data Access Layer\02.ABCDataService\ABCDataService.csproj", "{88ED7E6B-59E3-4F95-B1B2-0D9B5F3787E7}"
EndProject
Project("{FAE04EC0-301F-11D3-BF4B-00C04F79EFBC}") = "ABCCommon", "04.Common\ABCCommon.csproj", "{860C1351-AF97-434E-828D-A9972E533839}"
EndProject
Project("{FAE04EC0-301F-11D3-BF4B-00C04F79EFBC}") = "ABCStudio", "Tools\ABCStudio\ABCStudio.csproj", "{41860937-C566-45C7-8378-CAA6B79DABB3}"
EndProject
Project("{FAE04EC0-301F-11D3-BF4B-00C04F79EFBC}") = "AutoGenDll", "Tools\AutoGenDLL\AutoGenDll.csproj", "{2B963E38-3055-4509-8BD5-1B0C2E072B8F}"
EndProject
Project("{FAE04EC0-301F-11D3-BF4B-00C04F79EFBC}") = "AutoGenSP", "Tools\AutoGenSP\AutoGenSP.csproj", "{B706BB21-05EE-4C11-9675-22EAE08BA702}"
EndProject
Project("{FAE04EC0-301F-11D3-BF4B-00C04F79EFBC}") = "ABCReportDesigner", "Tools\ABCReportDesigner\ABCReportDesigner.csproj", "{E1583380-0BA6-4145-947E-D9D371395616}"
EndProject
Project("{FAE04EC0-301F-11D3-BF4B-00C04F79EFBC}") = "ABCReports", "01.User Interface\02.Modules\03.Reports\ABCReports.csproj", "{9E717500-AFCB-49E3-B318-45E99A34A25B}"
EndProject
Project("{2150E333-8FDC-42A3-9474-1A3956D46DE8}") = "00.Server Services", "00.Server Services", "{E264071A-D1DC-4284-B9FF-E71F882386F0}"
EndProject
Project("{FAE04EC0-301F-11D3-BF4B-00C04F79EFBC}") = "ABCCenterServerService", "00.ServerServices\ABCCenterServerService\ABCCenterServerService.csproj", "{95D1E031-BCF8-4440-AD4C-FF85447A9455}"
EndProject
Project("{FAE04EC0-301F-11D3-BF4B-00C04F79EFBC}") = "ABCNodeServerService", "00.ServerServices\ABCNodeServerService\ABCNodeServerService.csproj", "{EE2E1F36-A7F3-48D0-85BC-BAFEEB7D106C}"
EndProject
Global
	GlobalSection(SolutionConfigurationPlatforms) = preSolution
		Debug|Any CPU = Debug|Any CPU
		Debug|Mixed Platforms = Debug|Mixed Platforms
		Debug|x86 = Debug|x86
		Release|Any CPU = Release|Any CPU
		Release|Mixed Platforms = Release|Mixed Platforms
		Release|x86 = Release|x86
	EndGlobalSection
	GlobalSection(ProjectConfigurationPlatforms) = postSolution
		{7B297340-041B-4BAB-BD48-ADFCD51517ED}.Debug|Any CPU.ActiveCfg = Debug|x86
		{7B297340-041B-4BAB-BD48-ADFCD51517ED}.Debug|Mixed Platforms.ActiveCfg = Debug|x86
		{7B297340-041B-4BAB-BD48-ADFCD51517ED}.Debug|Mixed Platforms.Build.0 = Debug|x86
		{7B297340-041B-4BAB-BD48-ADFCD51517ED}.Debug|x86.ActiveCfg = Debug|x86
		{7B297340-041B-4BAB-BD48-ADFCD51517ED}.Debug|x86.Build.0 = Debug|x86
		{7B297340-041B-4BAB-BD48-ADFCD51517ED}.Release|Any CPU.ActiveCfg = Release|x86
		{7B297340-041B-4BAB-BD48-ADFCD51517ED}.Release|Mixed Platforms.ActiveCfg = Release|x86
		{7B297340-041B-4BAB-BD48-ADFCD51517ED}.Release|Mixed Platforms.Build.0 = Release|x86
		{7B297340-041B-4BAB-BD48-ADFCD51517ED}.Release|x86.ActiveCfg = Release|x86
		{7B297340-041B-4BAB-BD48-ADFCD51517ED}.Release|x86.Build.0 = Release|x86
		{90C886D7-9FEF-42B1-8F87-E91F302D4EAA}.Debug|Any CPU.ActiveCfg = Debug|x86
		{90C886D7-9FEF-42B1-8F87-E91F302D4EAA}.Debug|Mixed Platforms.ActiveCfg = Debug|x86
		{90C886D7-9FEF-42B1-8F87-E91F302D4EAA}.Debug|Mixed Platforms.Build.0 = Debug|x86
		{90C886D7-9FEF-42B1-8F87-E91F302D4EAA}.Debug|x86.ActiveCfg = Debug|x86
		{90C886D7-9FEF-42B1-8F87-E91F302D4EAA}.Debug|x86.Build.0 = Debug|x86
		{90C886D7-9FEF-42B1-8F87-E91F302D4EAA}.Release|Any CPU.ActiveCfg = Release|x86
		{90C886D7-9FEF-42B1-8F87-E91F302D4EAA}.Release|Mixed Platforms.ActiveCfg = Release|x86
		{90C886D7-9FEF-42B1-8F87-E91F302D4EAA}.Release|Mixed Platforms.Build.0 = Release|x86
		{90C886D7-9FEF-42B1-8F87-E91F302D4EAA}.Release|x86.ActiveCfg = Release|x86
		{90C886D7-9FEF-42B1-8F87-E91F302D4EAA}.Release|x86.Build.0 = Release|x86
		{2237C0C7-9606-434D-9E9B-E625D79952F3}.Debug|Any CPU.ActiveCfg = Debug|Any CPU
		{2237C0C7-9606-434D-9E9B-E625D79952F3}.Debug|Any CPU.Build.0 = Debug|Any CPU
		{2237C0C7-9606-434D-9E9B-E625D79952F3}.Debug|Mixed Platforms.ActiveCfg = Debug|Any CPU
		{2237C0C7-9606-434D-9E9B-E625D79952F3}.Debug|Mixed Platforms.Build.0 = Debug|Any CPU
		{2237C0C7-9606-434D-9E9B-E625D79952F3}.Debug|x86.ActiveCfg = Debug|Any CPU
		{2237C0C7-9606-434D-9E9B-E625D79952F3}.Release|Any CPU.ActiveCfg = Release|Any CPU
		{2237C0C7-9606-434D-9E9B-E625D79952F3}.Release|Any CPU.Build.0 = Release|Any CPU
		{2237C0C7-9606-434D-9E9B-E625D79952F3}.Release|Mixed Platforms.ActiveCfg = Release|Any CPU
		{2237C0C7-9606-434D-9E9B-E625D79952F3}.Release|Mixed Platforms.Build.0 = Release|Any CPU
		{2237C0C7-9606-434D-9E9B-E625D79952F3}.Release|x86.ActiveCfg = Release|Any CPU
		{1DCE5C13-B28F-4D01-8ED5-36E25B7035E1}.Debug|Any CPU.ActiveCfg = Debug|Any CPU
		{1DCE5C13-B28F-4D01-8ED5-36E25B7035E1}.Debug|Any CPU.Build.0 = Debug|Any CPU
		{1DCE5C13-B28F-4D01-8ED5-36E25B7035E1}.Debug|Mixed Platforms.ActiveCfg = Debug|Any CPU
		{1DCE5C13-B28F-4D01-8ED5-36E25B7035E1}.Debug|Mixed Platforms.Build.0 = Debug|Any CPU
		{1DCE5C13-B28F-4D01-8ED5-36E25B7035E1}.Debug|x86.ActiveCfg = Debug|Any CPU
		{1DCE5C13-B28F-4D01-8ED5-36E25B7035E1}.Release|Any CPU.ActiveCfg = Release|Any CPU
		{1DCE5C13-B28F-4D01-8ED5-36E25B7035E1}.Release|Any CPU.Build.0 = Release|Any CPU
		{1DCE5C13-B28F-4D01-8ED5-36E25B7035E1}.Release|Mixed Platforms.ActiveCfg = Release|Any CPU
		{1DCE5C13-B28F-4D01-8ED5-36E25B7035E1}.Release|Mixed Platforms.Build.0 = Release|Any CPU
		{1DCE5C13-B28F-4D01-8ED5-36E25B7035E1}.Release|x86.ActiveCfg = Release|Any CPU
		{3C5C7044-08E5-415D-86A5-675079202B3B}.Debug|Any CPU.ActiveCfg = Debug|Any CPU
		{3C5C7044-08E5-415D-86A5-675079202B3B}.Debug|Any CPU.Build.0 = Debug|Any CPU
		{3C5C7044-08E5-415D-86A5-675079202B3B}.Debug|Mixed Platforms.ActiveCfg = Debug|Any CPU
		{3C5C7044-08E5-415D-86A5-675079202B3B}.Debug|Mixed Platforms.Build.0 = Debug|Any CPU
		{3C5C7044-08E5-415D-86A5-675079202B3B}.Debug|x86.ActiveCfg = Debug|Any CPU
		{3C5C7044-08E5-415D-86A5-675079202B3B}.Release|Any CPU.ActiveCfg = Release|Any CPU
		{3C5C7044-08E5-415D-86A5-675079202B3B}.Release|Any CPU.Build.0 = Release|Any CPU
		{3C5C7044-08E5-415D-86A5-675079202B3B}.Release|Mixed Platforms.ActiveCfg = Release|Any CPU
		{3C5C7044-08E5-415D-86A5-675079202B3B}.Release|Mixed Platforms.Build.0 = Release|Any CPU
		{3C5C7044-08E5-415D-86A5-675079202B3B}.Release|x86.ActiveCfg = Release|Any CPU
		{58D58648-6D89-4904-9019-F7FDD300D3DE}.Debug|Any CPU.ActiveCfg = Debug|Any CPU
		{58D58648-6D89-4904-9019-F7FDD300D3DE}.Debug|Any CPU.Build.0 = Debug|Any CPU
		{58D58648-6D89-4904-9019-F7FDD300D3DE}.Debug|Mixed Platforms.ActiveCfg = Debug|Any CPU
		{58D58648-6D89-4904-9019-F7FDD300D3DE}.Debug|Mixed Platforms.Build.0 = Debug|Any CPU
		{58D58648-6D89-4904-9019-F7FDD300D3DE}.Debug|x86.ActiveCfg = Debug|Any CPU
		{58D58648-6D89-4904-9019-F7FDD300D3DE}.Release|Any CPU.ActiveCfg = Release|Any CPU
		{58D58648-6D89-4904-9019-F7FDD300D3DE}.Release|Any CPU.Build.0 = Release|Any CPU
		{58D58648-6D89-4904-9019-F7FDD300D3DE}.Release|Mixed Platforms.ActiveCfg = Release|Any CPU
		{58D58648-6D89-4904-9019-F7FDD300D3DE}.Release|Mixed Platforms.Build.0 = Release|Any CPU
		{58D58648-6D89-4904-9019-F7FDD300D3DE}.Release|x86.ActiveCfg = Release|Any CPU
		{8D2BE579-24F1-4373-AF62-A57E343C7FBF}.Debug|Any CPU.ActiveCfg = Debug|Any CPU
		{8D2BE579-24F1-4373-AF62-A57E343C7FBF}.Debug|Any CPU.Build.0 = Debug|Any CPU
		{8D2BE579-24F1-4373-AF62-A57E343C7FBF}.Debug|Mixed Platforms.ActiveCfg = Debug|Any CPU
		{8D2BE579-24F1-4373-AF62-A57E343C7FBF}.Debug|Mixed Platforms.Build.0 = Debug|Any CPU
		{8D2BE579-24F1-4373-AF62-A57E343C7FBF}.Debug|x86.ActiveCfg = Debug|Any CPU
		{8D2BE579-24F1-4373-AF62-A57E343C7FBF}.Release|Any CPU.ActiveCfg = Release|Any CPU
		{8D2BE579-24F1-4373-AF62-A57E343C7FBF}.Release|Any CPU.Build.0 = Release|Any CPU
		{8D2BE579-24F1-4373-AF62-A57E343C7FBF}.Release|Mixed Platforms.ActiveCfg = Release|Any CPU
		{8D2BE579-24F1-4373-AF62-A57E343C7FBF}.Release|Mixed Platforms.Build.0 = Release|Any CPU
		{8D2BE579-24F1-4373-AF62-A57E343C7FBF}.Release|x86.ActiveCfg = Release|Any CPU
		{2EB9BBFE-E7DD-4508-A9B6-0D925A33EDE5}.Debug|Any CPU.ActiveCfg = Debug|Any CPU
		{2EB9BBFE-E7DD-4508-A9B6-0D925A33EDE5}.Debug|Any CPU.Build.0 = Debug|Any CPU
		{2EB9BBFE-E7DD-4508-A9B6-0D925A33EDE5}.Debug|Mixed Platforms.ActiveCfg = Debug|Any CPU
		{2EB9BBFE-E7DD-4508-A9B6-0D925A33EDE5}.Debug|Mixed Platforms.Build.0 = Debug|Any CPU
		{2EB9BBFE-E7DD-4508-A9B6-0D925A33EDE5}.Debug|x86.ActiveCfg = Debug|Any CPU
		{2EB9BBFE-E7DD-4508-A9B6-0D925A33EDE5}.Release|Any CPU.ActiveCfg = Release|Any CPU
		{2EB9BBFE-E7DD-4508-A9B6-0D925A33EDE5}.Release|Any CPU.Build.0 = Release|Any CPU
		{2EB9BBFE-E7DD-4508-A9B6-0D925A33EDE5}.Release|Mixed Platforms.ActiveCfg = Release|Any CPU
		{2EB9BBFE-E7DD-4508-A9B6-0D925A33EDE5}.Release|Mixed Platforms.Build.0 = Release|Any CPU
		{2EB9BBFE-E7DD-4508-A9B6-0D925A33EDE5}.Release|x86.ActiveCfg = Release|Any CPU
		{451842EF-D089-4946-9A9E-D5B3A25C6DAA}.Debug|Any CPU.ActiveCfg = Debug|Any CPU
		{451842EF-D089-4946-9A9E-D5B3A25C6DAA}.Debug|Any CPU.Build.0 = Debug|Any CPU
		{451842EF-D089-4946-9A9E-D5B3A25C6DAA}.Debug|Mixed Platforms.ActiveCfg = Debug|Any CPU
		{451842EF-D089-4946-9A9E-D5B3A25C6DAA}.Debug|Mixed Platforms.Build.0 = Debug|Any CPU
		{451842EF-D089-4946-9A9E-D5B3A25C6DAA}.Debug|x86.ActiveCfg = Debug|Any CPU
		{451842EF-D089-4946-9A9E-D5B3A25C6DAA}.Release|Any CPU.ActiveCfg = Release|Any CPU
		{451842EF-D089-4946-9A9E-D5B3A25C6DAA}.Release|Any CPU.Build.0 = Release|Any CPU
		{451842EF-D089-4946-9A9E-D5B3A25C6DAA}.Release|Mixed Platforms.ActiveCfg = Release|Any CPU
		{451842EF-D089-4946-9A9E-D5B3A25C6DAA}.Release|Mixed Platforms.Build.0 = Release|Any CPU
		{451842EF-D089-4946-9A9E-D5B3A25C6DAA}.Release|x86.ActiveCfg = Release|Any CPU
		{88ED7E6B-59E3-4F95-B1B2-0D9B5F3787E7}.Debug|Any CPU.ActiveCfg = Debug|x86
		{88ED7E6B-59E3-4F95-B1B2-0D9B5F3787E7}.Debug|Mixed Platforms.ActiveCfg = Debug|x86
		{88ED7E6B-59E3-4F95-B1B2-0D9B5F3787E7}.Debug|Mixed Platforms.Build.0 = Debug|x86
		{88ED7E6B-59E3-4F95-B1B2-0D9B5F3787E7}.Debug|x86.ActiveCfg = Debug|x86
		{88ED7E6B-59E3-4F95-B1B2-0D9B5F3787E7}.Debug|x86.Build.0 = Debug|x86
		{88ED7E6B-59E3-4F95-B1B2-0D9B5F3787E7}.Release|Any CPU.ActiveCfg = Release|x86
		{88ED7E6B-59E3-4F95-B1B2-0D9B5F3787E7}.Release|Mixed Platforms.ActiveCfg = Release|x86
		{88ED7E6B-59E3-4F95-B1B2-0D9B5F3787E7}.Release|Mixed Platforms.Build.0 = Release|x86
		{88ED7E6B-59E3-4F95-B1B2-0D9B5F3787E7}.Release|x86.ActiveCfg = Release|x86
		{88ED7E6B-59E3-4F95-B1B2-0D9B5F3787E7}.Release|x86.Build.0 = Release|x86
		{860C1351-AF97-434E-828D-A9972E533839}.Debug|Any CPU.ActiveCfg = Debug|Any CPU
		{860C1351-AF97-434E-828D-A9972E533839}.Debug|Any CPU.Build.0 = Debug|Any CPU
		{860C1351-AF97-434E-828D-A9972E533839}.Debug|Mixed Platforms.ActiveCfg = Debug|Any CPU
		{860C1351-AF97-434E-828D-A9972E533839}.Debug|Mixed Platforms.Build.0 = Debug|Any CPU
		{860C1351-AF97-434E-828D-A9972E533839}.Debug|x86.ActiveCfg = Debug|Any CPU
		{860C1351-AF97-434E-828D-A9972E533839}.Release|Any CPU.ActiveCfg = Release|Any CPU
		{860C1351-AF97-434E-828D-A9972E533839}.Release|Any CPU.Build.0 = Release|Any CPU
		{860C1351-AF97-434E-828D-A9972E533839}.Release|Mixed Platforms.ActiveCfg = Release|Any CPU
		{860C1351-AF97-434E-828D-A9972E533839}.Release|Mixed Platforms.Build.0 = Release|Any CPU
		{860C1351-AF97-434E-828D-A9972E533839}.Release|x86.ActiveCfg = Release|Any CPU
		{41860937-C566-45C7-8378-CAA6B79DABB3}.Debug|Any CPU.ActiveCfg = Debug|x86
		{41860937-C566-45C7-8378-CAA6B79DABB3}.Debug|Mixed Platforms.ActiveCfg = Debug|x86
		{41860937-C566-45C7-8378-CAA6B79DABB3}.Debug|Mixed Platforms.Build.0 = Debug|x86
		{41860937-C566-45C7-8378-CAA6B79DABB3}.Debug|x86.ActiveCfg = Debug|x86
		{41860937-C566-45C7-8378-CAA6B79DABB3}.Debug|x86.Build.0 = Debug|x86
		{41860937-C566-45C7-8378-CAA6B79DABB3}.Release|Any CPU.ActiveCfg = Release|x86
		{41860937-C566-45C7-8378-CAA6B79DABB3}.Release|Mixed Platforms.ActiveCfg = Release|x86
		{41860937-C566-45C7-8378-CAA6B79DABB3}.Release|Mixed Platforms.Build.0 = Release|x86
		{41860937-C566-45C7-8378-CAA6B79DABB3}.Release|x86.ActiveCfg = Release|x86
		{41860937-C566-45C7-8378-CAA6B79DABB3}.Release|x86.Build.0 = Release|x86
		{2B963E38-3055-4509-8BD5-1B0C2E072B8F}.Debug|Any CPU.ActiveCfg = Debug|x86
		{2B963E38-3055-4509-8BD5-1B0C2E072B8F}.Debug|Mixed Platforms.ActiveCfg = Debug|x86
		{2B963E38-3055-4509-8BD5-1B0C2E072B8F}.Debug|Mixed Platforms.Build.0 = Debug|x86
		{2B963E38-3055-4509-8BD5-1B0C2E072B8F}.Debug|x86.ActiveCfg = Debug|x86
		{2B963E38-3055-4509-8BD5-1B0C2E072B8F}.Debug|x86.Build.0 = Debug|x86
		{2B963E38-3055-4509-8BD5-1B0C2E072B8F}.Release|Any CPU.ActiveCfg = Release|x86
		{2B963E38-3055-4509-8BD5-1B0C2E072B8F}.Release|Mixed Platforms.ActiveCfg = Release|x86
		{2B963E38-3055-4509-8BD5-1B0C2E072B8F}.Release|Mixed Platforms.Build.0 = Release|x86
		{2B963E38-3055-4509-8BD5-1B0C2E072B8F}.Release|x86.ActiveCfg = Release|x86
		{2B963E38-3055-4509-8BD5-1B0C2E072B8F}.Release|x86.Build.0 = Release|x86
		{B706BB21-05EE-4C11-9675-22EAE08BA702}.Debug|Any CPU.ActiveCfg = Debug|x86
		{B706BB21-05EE-4C11-9675-22EAE08BA702}.Debug|Mixed Platforms.ActiveCfg = Debug|x86
		{B706BB21-05EE-4C11-9675-22EAE08BA702}.Debug|Mixed Platforms.Build.0 = Debug|x86
		{B706BB21-05EE-4C11-9675-22EAE08BA702}.Debug|x86.ActiveCfg = Debug|x86
		{B706BB21-05EE-4C11-9675-22EAE08BA702}.Debug|x86.Build.0 = Debug|x86
		{B706BB21-05EE-4C11-9675-22EAE08BA702}.Release|Any CPU.ActiveCfg = Release|x86
		{B706BB21-05EE-4C11-9675-22EAE08BA702}.Release|Mixed Platforms.ActiveCfg = Release|x86
		{B706BB21-05EE-4C11-9675-22EAE08BA702}.Release|Mixed Platforms.Build.0 = Release|x86
		{B706BB21-05EE-4C11-9675-22EAE08BA702}.Release|x86.ActiveCfg = Release|x86
		{B706BB21-05EE-4C11-9675-22EAE08BA702}.Release|x86.Build.0 = Release|x86
		{E1583380-0BA6-4145-947E-D9D371395616}.Debug|Any CPU.ActiveCfg = Debug|Any CPU
		{E1583380-0BA6-4145-947E-D9D371395616}.Debug|Any CPU.Build.0 = Debug|Any CPU
		{E1583380-0BA6-4145-947E-D9D371395616}.Debug|Mixed Platforms.ActiveCfg = Debug|Any CPU
		{E1583380-0BA6-4145-947E-D9D371395616}.Debug|Mixed Platforms.Build.0 = Debug|Any CPU
		{E1583380-0BA6-4145-947E-D9D371395616}.Debug|x86.ActiveCfg = Debug|Any CPU
		{E1583380-0BA6-4145-947E-D9D371395616}.Release|Any CPU.ActiveCfg = Release|Any CPU
		{E1583380-0BA6-4145-947E-D9D371395616}.Release|Any CPU.Build.0 = Release|Any CPU
		{E1583380-0BA6-4145-947E-D9D371395616}.Release|Mixed Platforms.ActiveCfg = Release|Any CPU
		{E1583380-0BA6-4145-947E-D9D371395616}.Release|Mixed Platforms.Build.0 = Release|Any CPU
		{E1583380-0BA6-4145-947E-D9D371395616}.Release|x86.ActiveCfg = Release|Any CPU
		{9E717500-AFCB-49E3-B318-45E99A34A25B}.Debug|Any CPU.ActiveCfg = Debug|Any CPU
		{9E717500-AFCB-49E3-B318-45E99A34A25B}.Debug|Any CPU.Build.0 = Debug|Any CPU
		{9E717500-AFCB-49E3-B318-45E99A34A25B}.Debug|Mixed Platforms.ActiveCfg = Debug|Any CPU
		{9E717500-AFCB-49E3-B318-45E99A34A25B}.Debug|Mixed Platforms.Build.0 = Debug|Any CPU
		{9E717500-AFCB-49E3-B318-45E99A34A25B}.Debug|x86.ActiveCfg = Debug|Any CPU
		{9E717500-AFCB-49E3-B318-45E99A34A25B}.Release|Any CPU.ActiveCfg = Release|Any CPU
		{9E717500-AFCB-49E3-B318-45E99A34A25B}.Release|Any CPU.Build.0 = Release|Any CPU
		{9E717500-AFCB-49E3-B318-45E99A34A25B}.Release|Mixed Platforms.ActiveCfg = Release|Any CPU
		{9E717500-AFCB-49E3-B318-45E99A34A25B}.Release|Mixed Platforms.Build.0 = Release|Any CPU
		{9E717500-AFCB-49E3-B318-45E99A34A25B}.Release|x86.ActiveCfg = Release|Any CPU
		{95D1E031-BCF8-4440-AD4C-FF85447A9455}.Debug|Any CPU.ActiveCfg = Debug|Any CPU
		{95D1E031-BCF8-4440-AD4C-FF85447A9455}.Debug|Any CPU.Build.0 = Debug|Any CPU
		{95D1E031-BCF8-4440-AD4C-FF85447A9455}.Debug|Mixed Platforms.ActiveCfg = Debug|Any CPU
		{95D1E031-BCF8-4440-AD4C-FF85447A9455}.Debug|Mixed Platforms.Build.0 = Debug|Any CPU
		{95D1E031-BCF8-4440-AD4C-FF85447A9455}.Debug|x86.ActiveCfg = Debug|Any CPU
		{95D1E031-BCF8-4440-AD4C-FF85447A9455}.Release|Any CPU.ActiveCfg = Release|Any CPU
		{95D1E031-BCF8-4440-AD4C-FF85447A9455}.Release|Any CPU.Build.0 = Release|Any CPU
		{95D1E031-BCF8-4440-AD4C-FF85447A9455}.Release|Mixed Platforms.ActiveCfg = Release|Any CPU
		{95D1E031-BCF8-4440-AD4C-FF85447A9455}.Release|Mixed Platforms.Build.0 = Release|Any CPU
		{95D1E031-BCF8-4440-AD4C-FF85447A9455}.Release|x86.ActiveCfg = Release|Any CPU
		{EE2E1F36-A7F3-48D0-85BC-BAFEEB7D106C}.Debug|Any CPU.ActiveCfg = Debug|Any CPU
		{EE2E1F36-A7F3-48D0-85BC-BAFEEB7D106C}.Debug|Any CPU.Build.0 = Debug|Any CPU
		{EE2E1F36-A7F3-48D0-85BC-BAFEEB7D106C}.Debug|Mixed Platforms.ActiveCfg = Debug|Any CPU
		{EE2E1F36-A7F3-48D0-85BC-BAFEEB7D106C}.Debug|Mixed Platforms.Build.0 = Debug|Any CPU
		{EE2E1F36-A7F3-48D0-85BC-BAFEEB7D106C}.Debug|x86.ActiveCfg = Debug|Any CPU
		{EE2E1F36-A7F3-48D0-85BC-BAFEEB7D106C}.Release|Any CPU.ActiveCfg = Release|Any CPU
		{EE2E1F36-A7F3-48D0-85BC-BAFEEB7D106C}.Release|Any CPU.Build.0 = Release|Any CPU
		{EE2E1F36-A7F3-48D0-85BC-BAFEEB7D106C}.Release|Mixed Platforms.ActiveCfg = Release|Any CPU
		{EE2E1F36-A7F3-48D0-85BC-BAFEEB7D106C}.Release|Mixed Platforms.Build.0 = Release|Any CPU
		{EE2E1F36-A7F3-48D0-85BC-BAFEEB7D106C}.Release|x86.ActiveCfg = Release|Any CPU
	EndGlobalSection
	GlobalSection(SolutionProperties) = preSolution
		HideSolutionNode = FALSE
	EndGlobalSection
	GlobalSection(NestedProjects) = preSolution
		{E0BCEC28-1D05-44C7-9A41-7FC69940A687} = {C17ED185-5E23-4484-B400-C95DD3CE67D2}
		{57F7E246-9329-4B33-BAEA-45361941F805} = {C17ED185-5E23-4484-B400-C95DD3CE67D2}
		{7EA44C08-E01E-49A0-B28D-A21A0C0FED8D} = {C17ED185-5E23-4484-B400-C95DD3CE67D2}
		{7B297340-041B-4BAB-BD48-ADFCD51517ED} = {E0BCEC28-1D05-44C7-9A41-7FC69940A687}
		{90C886D7-9FEF-42B1-8F87-E91F302D4EAA} = {E0BCEC28-1D05-44C7-9A41-7FC69940A687}
		{8D2BE579-24F1-4373-AF62-A57E343C7FBF} = {13235215-2D42-4533-BE39-0D7D47D3F8A6}
		{2EB9BBFE-E7DD-4508-A9B6-0D925A33EDE5} = {13235215-2D42-4533-BE39-0D7D47D3F8A6}
		{451842EF-D089-4946-9A9E-D5B3A25C6DAA} = {41B490ED-39F2-44D2-BDED-4F5CB04163BF}
		{88ED7E6B-59E3-4F95-B1B2-0D9B5F3787E7} = {41B490ED-39F2-44D2-BDED-4F5CB04163BF}
		{860C1351-AF97-434E-828D-A9972E533839} = {227DB38A-D1F8-47DC-97F3-C91B059265A3}
		{41860937-C566-45C7-8378-CAA6B79DABB3} = {E8E21EC7-A0B9-4FCD-B847-B75F372C2AC4}
		{2B963E38-3055-4509-8BD5-1B0C2E072B8F} = {E8E21EC7-A0B9-4FCD-B847-B75F372C2AC4}
		{B706BB21-05EE-4C11-9675-22EAE08BA702} = {E8E21EC7-A0B9-4FCD-B847-B75F372C2AC4}
		{E1583380-0BA6-4145-947E-D9D371395616} = {E8E21EC7-A0B9-4FCD-B847-B75F372C2AC4}
		{2237C0C7-9606-434D-9E9B-E625D79952F3} = {57F7E246-9329-4B33-BAEA-45361941F805}
		{1DCE5C13-B28F-4D01-8ED5-36E25B7035E1} = {57F7E246-9329-4B33-BAEA-45361941F805}
		{9E717500-AFCB-49E3-B318-45E99A34A25B} = {57F7E246-9329-4B33-BAEA-45361941F805}
		{3C5C7044-08E5-415D-86A5-675079202B3B} = {7EA44C08-E01E-49A0-B28D-A21A0C0FED8D}
		{58D58648-6D89-4904-9019-F7FDD300D3DE} = {7EA44C08-E01E-49A0-B28D-A21A0C0FED8D}
		{95D1E031-BCF8-4440-AD4C-FF85447A9455} = {E264071A-D1DC-4284-B9FF-E71F882386F0}
		{EE2E1F36-A7F3-48D0-85BC-BAFEEB7D106C} = {E264071A-D1DC-4284-B9FF-E71F882386F0}
	EndGlobalSection
EndGlobal
